// !$*UTF8*$!
{
	archiveVersion = 1;
	classes = {
	};
	objectVersion = 77;
	objects = {

/* Begin PBXBuildFile section */
		32E4ECF42FF84BED00E8811B /* MenuBarExtraAccess in Frameworks */ = {isa = PBXBuildFile; productRef = 32E4ECF32FF84BED00E8811B /* MenuBarExtraAccess */; };
		32E4ECF62FF8547300E8811B /* SettingsPanelController.swift in Sources */ = {isa = PBXBuildFile; fileRef = 32E4ECF52FF8547300E8811B /* SettingsPanelController.swift */; };
		BB3EAD262E38FCA10009833A /* MenuBarIcon.swift in Sources */ = {isa = PBXBuildFile; fileRef = BB3EAD252E38FCA10009833A /* MenuBarIcon.swift */; };
		BB3EAD292E38FEBC0009833A /* FontDesign.swift in Sources */ = {isa = PBXBuildFile; fileRef = BB3EAD282E38FEBC0009833A /* FontDesign.swift */; };
		BB5E3A9E2E2C2AB900F53E8B /* Logger+Ext.swift in Sources */ = {isa = PBXBuildFile; fileRef = BB5E3A9D2E2C2AB900F53E8B /* Logger+Ext.swift */; };
		BB7F707A2E341063008DC84E /* Constants.swift in Sources */ = {isa = PBXBuildFile; fileRef = BB7F70792E341063008DC84E /* Constants.swift */; };
		BB87181F2D96801600918708 /* ThemeColors.swift in Sources */ = {isa = PBXBuildFile; fileRef = BB87181E2D96801600918708 /* ThemeColors.swift */; };
		BB87182C2D970AA000918708 /* KeychainAccess in Frameworks */ = {isa = PBXBuildFile; productRef = BB87182B2D970AA000918708 /* KeychainAccess */; };
		BBCA9E6B2D946F6C00B3BE9B /* Preview Assets.xcassets in Resources */ = {isa = PBXBuildFile; fileRef = BBCA9E642D946F6C00B3BE9B /* Preview Assets.xcassets */; };
		BBCA9E6C2D946F6C00B3BE9B /* Assets.xcassets in Resources */ = {isa = PBXBuildFile; fileRef = BBCA9E662D946F6C00B3BE9B /* Assets.xcassets */; };
		BBCA9E6D2D946F6C00B3BE9B /* ContentView.swift in Sources */ = {isa = PBXBuildFile; fileRef = BBCA9E672D946F6C00B3BE9B /* ContentView.swift */; };
		BBCA9E6E2D946F6C00B3BE9B /* BarNotes.swift in Sources */ = {isa = PBXBuildFile; fileRef = BBCA9E692D946F6C00B3BE9B /* BarNotes.swift */; };
		BBE7D2E12E2F2A0600C87CFB /* AnimatableFontModifier+Ext.swift in Sources */ = {isa = PBXBuildFile; fileRef = BBE7D2E02E2F2A0600C87CFB /* AnimatableFontModifier+Ext.swift */; };
		BBE7D2F02E30F00A00C87CFB /* TipJarView.swift in Sources */ = {isa = PBXBuildFile; fileRef = BBE7D2EF2E30F00A00C87CFB /* TipJarView.swift */; };
		BBE7D2F22E30F9DC00C87CFB /* TipStore.swift in Sources */ = {isa = PBXBuildFile; fileRef = BBE7D2F12E30F9DC00C87CFB /* TipStore.swift */; };
		BBE7D2F62E31006500C87CFB /* BarNotesStoreKitConfiguration.storekit in Resources */ = {isa = PBXBuildFile; fileRef = BBE7D2F52E31006500C87CFB /* BarNotesStoreKitConfiguration.storekit */; };
		BBF17E632D9ECFB200679ECC /* AppState.swift in Sources */ = {isa = PBXBuildFile; fileRef = BBF17E622D9ECFB200679ECC /* AppState.swift */; };
		BBF17E6B2D9EE0BC00679ECC /* Settings.swift in Sources */ = {isa = PBXBuildFile; fileRef = BBF17E6A2D9EE0BC00679ECC /* Settings.swift */; };
/* End PBXBuildFile section */

/* Begin PBXFileReference section */
		32E4ECF52FF8547300E8811B /* SettingsPanelController.swift */ = {isa = PBXFileReference; lastKnownFileType = sourcecode.swift; path = SettingsPanelController.swift; sourceTree = "<group>"; };
		BB3EAD252E38FCA10009833A /* MenuBarIcon.swift */ = {isa = PBXFileReference; lastKnownFileType = sourcecode.swift; path = MenuBarIcon.swift; sourceTree = "<group>"; };
		BB3EAD282E38FEBC0009833A /* FontDesign.swift */ = {isa = PBXFileReference; lastKnownFileType = sourcecode.swift; path = FontDesign.swift; sourceTree = "<group>"; };
		BB5E3A9D2E2C2AB900F53E8B /* Logger+Ext.swift */ = {isa = PBXFileReference; lastKnownFileType = sourcecode.swift; path = "Logger+Ext.swift"; sourceTree = "<group>"; };
		BB7F70792E341063008DC84E /* Constants.swift */ = {isa = PBXFileReference; lastKnownFileType = sourcecode.swift; path = Constants.swift; sourceTree = "<group>"; };
		BB87181E2D96801600918708 /* ThemeColors.swift */ = {isa = PBXFileReference; lastKnownFileType = sourcecode.swift; path = ThemeColors.swift; sourceTree = "<group>"; };
		BBCA9E522D946F6100B3BE9B /* BarNotes.app */ = {isa = PBXFileReference; explicitFileType = wrapper.application; includeInIndex = 0; path = BarNotes.app; sourceTree = BUILT_PRODUCTS_DIR; };
		BBCA9E642D946F6C00B3BE9B /* Preview Assets.xcassets */ = {isa = PBXFileReference; lastKnownFileType = folder.assetcatalog; path = "Preview Assets.xcassets"; sourceTree = "<group>"; };
		BBCA9E662D946F6C00B3BE9B /* Assets.xcassets */ = {isa = PBXFileReference; lastKnownFileType = folder.assetcatalog; path = Assets.xcassets; sourceTree = "<group>"; };
		BBCA9E672D946F6C00B3BE9B /* ContentView.swift */ = {isa = PBXFileReference; lastKnownFileType = sourcecode.swift; path = ContentView.swift; sourceTree = "<group>"; };
		BBCA9E682D946F6C00B3BE9B /* BarNotes.entitlements */ = {isa = PBXFileReference; lastKnownFileType = text.plist.entitlements; path = BarNotes.entitlements; sourceTree = "<group>"; };
		BBCA9E692D946F6C00B3BE9B /* BarNotes.swift */ = {isa = PBXFileReference; lastKnownFileType = sourcecode.swift; path = BarNotes.swift; sourceTree = "<group>"; };
		BBE7D2E02E2F2A0600C87CFB /* AnimatableFontModifier+Ext.swift */ = {isa = PBXFileReference; lastKnownFileType = sourcecode.swift; path = "AnimatableFontModifier+Ext.swift"; sourceTree = "<group>"; };
		BBE7D2EF2E30F00A00C87CFB /* TipJarView.swift */ = {isa = PBXFileReference; lastKnownFileType = sourcecode.swift; path = TipJarView.swift; sourceTree = "<group>"; };
		BBE7D2F12E30F9DC00C87CFB /* TipStore.swift */ = {isa = PBXFileReference; lastKnownFileType = sourcecode.swift; path = TipStore.swift; sourceTree = "<group>"; };
		BBE7D2F52E31006500C87CFB /* BarNotesStoreKitConfiguration.storekit */ = {isa = PBXFileReference; lastKnownFileType = text; path = BarNotesStoreKitConfiguration.storekit; sourceTree = "<group>"; };
		BBF17E622D9ECFB200679ECC /* AppState.swift */ = {isa = PBXFileReference; lastKnownFileType = sourcecode.swift; path = AppState.swift; sourceTree = "<group>"; };
		BBF17E6A2D9EE0BC00679ECC /* Settings.swift */ = {isa = PBXFileReference; lastKnownFileType = sourcecode.swift; path = Settings.swift; sourceTree = "<group>"; };
/* End PBXFileReference section */

/* Begin PBXFrameworksBuildPhase section */
		BBCA9E4F2D946F6100B3BE9B /* Frameworks */ = {
			isa = PBXFrameworksBuildPhase;
			buildActionMask = 2147483647;
			files = (
				32E4ECF42FF84BED00E8811B /* MenuBarExtraAccess in Frameworks */,
				BB87182C2D970AA000918708 /* KeychainAccess in Frameworks */,
			);
			runOnlyForDeploymentPostprocessing = 0;
		};
/* End PBXFrameworksBuildPhase section */

/* Begin PBXGroup section */
		BB3EAD272E38FE7B0009833A /* Model */ = {
			isa = PBXGroup;
			children = (
				BBF17E622D9ECFB200679ECC /* AppState.swift */,
				BBE7D2F12E30F9DC00C87CFB /* TipStore.swift */,
				BB87181E2D96801600918708 /* ThemeColors.swift */,
				BB3EAD282E38FEBC0009833A /* FontDesign.swift */,
				BB3EAD252E38FCA10009833A /* MenuBarIcon.swift */,
			);
			path = Model;
			sourceTree = "<group>";
		};
		BBCA9E492D946F6100B3BE9B = {
			isa = PBXGroup;
			children = (
				BBCA9E6A2D946F6C00B3BE9B /* BarNotes */,
				BBCA9E532D946F6100B3BE9B /* Products */,
			);
			sourceTree = "<group>";
		};
		BBCA9E532D946F6100B3BE9B /* Products */ = {
			isa = PBXGroup;
			children = (
				BBCA9E522D946F6100B3BE9B /* BarNotes.app */,
			);
			name = Products;
			sourceTree = "<group>";
		};
		BBCA9E652D946F6C00B3BE9B /* Preview Content */ = {
			isa = PBXGroup;
			children = (
				BBCA9E642D946F6C00B3BE9B /* Preview Assets.xcassets */,
			);
			path = "Preview Content";
			sourceTree = "<group>";
		};
		BBCA9E6A2D946F6C00B3BE9B /* BarNotes */ = {
			isa = PBXGroup;
			children = (
				BBCA9E692D946F6C00B3BE9B /* BarNotes.swift */,
				BB3EAD272E38FE7B0009833A /* Model */,
				BBE7D2E32E2F2A2800C87CFB /* Views */,
				BBE7D2E22E2F2A1A00C87CFB /* Support */,
				BBCA9E652D946F6C00B3BE9B /* Preview Content */,
				BBCA9E662D946F6C00B3BE9B /* Assets.xcassets */,
				BBE7D2F52E31006500C87CFB /* BarNotesStoreKitConfiguration.storekit */,
				BBCA9E682D946F6C00B3BE9B /* BarNotes.entitlements */,
			);
			path = BarNotes;
			sourceTree = "<group>";
		};
		BBE7D2E22E2F2A1A00C87CFB /* Support */ = {
			isa = PBXGroup;
			children = (
				BBE7D2E02E2F2A0600C87CFB /* AnimatableFontModifier+Ext.swift */,
				BB5E3A9D2E2C2AB900F53E8B /* Logger+Ext.swift */,
				BB7F70792E341063008DC84E /* Constants.swift */,
				32E4ECF52FF8547300E8811B /* SettingsPanelController.swift */,
			);
			path = Support;
			sourceTree = "<group>";
		};
		BBE7D2E32E2F2A2800C87CFB /* Views */ = {
			isa = PBXGroup;
			children = (
				BBCA9E672D946F6C00B3BE9B /* ContentView.swift */,
				BBE7D2EF2E30F00A00C87CFB /* TipJarView.swift */,
				BBF17E6A2D9EE0BC00679ECC /* Settings.swift */,
			);
			path = Views;
			sourceTree = "<group>";
		};
/* End PBXGroup section */

/* Begin PBXNativeTarget section */
		BBCA9E512D946F6100B3BE9B /* BarNotes */ = {
			isa = PBXNativeTarget;
			buildConfigurationList = BBCA9E612D946F6200B3BE9B /* Build configuration list for PBXNativeTarget "BarNotes" */;
			buildPhases = (
				BBCA9E4E2D946F6100B3BE9B /* Sources */,
				BBCA9E4F2D946F6100B3BE9B /* Frameworks */,
				BBCA9E502D946F6100B3BE9B /* Resources */,
			);
			buildRules = (
			);
			dependencies = (
			);
			name = BarNotes;
			packageProductDependencies = (
				BB87182B2D970AA000918708 /* KeychainAccess */,
				32E4ECF32FF84BED00E8811B /* MenuBarExtraAccess */,
			);
			productName = TopNotes;
			productReference = BBCA9E522D946F6100B3BE9B /* BarNotes.app */;
			productType = "com.apple.product-type.application";
		};
/* End PBXNativeTarget section */

/* Begin PBXProject section */
		BBCA9E4A2D946F6100B3BE9B /* Project object */ = {
			isa = PBXProject;
			attributes = {
				BuildIndependentTargetsInParallel = 1;
				LastSwiftUpdateCheck = 1620;
				LastUpgradeCheck = 2600;
				TargetAttributes = {
					BBCA9E512D946F6100B3BE9B = {
						CreatedOnToolsVersion = 16.2;
					};
				};
			};
			buildConfigurationList = BBCA9E4D2D946F6100B3BE9B /* Build configuration list for PBXProject "BarNotes" */;
			developmentRegion = en;
			hasScannedForEncodings = 0;
			knownRegions = (
				en,
				Base,
			);
			mainGroup = BBCA9E492D946F6100B3BE9B;
			minimizedProjectReferenceProxies = 1;
			packageReferences = (
				BBCA9EBA2D95C8C800B3BE9B /* XCRemoteSwiftPackageReference "KeychainAccess" */,
				32E4ECF22FF84BED00E8811B /* XCRemoteSwiftPackageReference "MenuBarExtraAccess" */,
			);
			preferredProjectObjectVersion = 77;
			productRefGroup = BBCA9E532D946F6100B3BE9B /* Products */;
			projectDirPath = "";
			projectRoot = "";
			targets = (
				BBCA9E512D946F6100B3BE9B /* BarNotes */,
			);
		};
/* End PBXProject section */

/* Begin PBXResourcesBuildPhase section */
		BBCA9E502D946F6100B3BE9B /* Resources */ = {
			isa = PBXResourcesBuildPhase;
			buildActionMask = 2147483647;
			files = (
				BBCA9E6B2D946F6C00B3BE9B /* Preview Assets.xcassets in Resources */,
				BBE7D2F62E31006500C87CFB /* BarNotesStoreKitConfiguration.storekit in Resources */,
				BBCA9E6C2D946F6C00B3BE9B /* Assets.xcassets in Resources */,
			);
			runOnlyForDeploymentPostprocessing = 0;
		};
/* End PBXResourcesBuildPhase section */

/* Begin PBXSourcesBuildPhase section */
		BBCA9E4E2D946F6100B3BE9B /* Sources */ = {
			isa = PBXSourcesBuildPhase;
			buildActionMask = 2147483647;
			files = (
				BB87181F2D96801600918708 /* ThemeColors.swift in Sources */,
				BBE7D2F02E30F00A00C87CFB /* TipJarView.swift in Sources */,
				BBE7D2F22E30F9DC00C87CFB /* TipStore.swift in Sources */,
				BBF17E632D9ECFB200679ECC /* AppState.swift in Sources */,
				BB3EAD292E38FEBC0009833A /* FontDesign.swift in Sources */,
				BBCA9E6D2D946F6C00B3BE9B /* ContentView.swift in Sources */,
				BB7F707A2E341063008DC84E /* Constants.swift in Sources */,
				BB3EAD262E38FCA10009833A /* MenuBarIcon.swift in Sources */,
				32E4ECF62FF8547300E8811B /* SettingsPanelController.swift in Sources */,
				BBF17E6B2D9EE0BC00679ECC /* Settings.swift in Sources */,
				BBCA9E6E2D946F6C00B3BE9B /* BarNotes.swift in Sources */,
				BBE7D2E12E2F2A0600C87CFB /* AnimatableFontModifier+Ext.swift in Sources */,
				BB5E3A9E2E2C2AB900F53E8B /* Logger+Ext.swift in Sources */,
			);
			runOnlyForDeploymentPostprocessing = 0;
		};
/* End PBXSourcesBuildPhase section */

/* Begin XCBuildConfiguration section */
		BBCA9E5F2D946F6200B3BE9B /* Debug */ = {
			isa = XCBuildConfiguration;
			buildSettings = {
				ALWAYS_SEARCH_USER_PATHS = NO;
				ASSETCATALOG_COMPILER_GENERATE_SWIFT_ASSET_SYMBOL_EXTENSIONS = YES;
				CLANG_ANALYZER_NONNULL = YES;
				CLANG_ANALYZER_NUMBER_OBJECT_CONVERSION = YES_AGGRESSIVE;
				CLANG_CXX_LANGUAGE_STANDARD = "gnu++20";
				CLANG_ENABLE_MODULES = YES;
				CLANG_ENABLE_OBJC_ARC = YES;
				CLANG_ENABLE_OBJC_WEAK = YES;
				CLANG_WARN_BLOCK_CAPTURE_AUTORELEASING = YES;
				CLANG_WARN_BOOL_CONVERSION = YES;
				CLANG_WARN_COMMA = YES;
				CLANG_WARN_CONSTANT_CONVERSION = YES;
				CLANG_WARN_DEPRECATED_OBJC_IMPLEMENTATIONS = YES;
				CLANG_WARN_DIRECT_OBJC_ISA_USAGE = YES_ERROR;
				CLANG_WARN_DOCUMENTATION_COMMENTS = YES;
				CLANG_WARN_EMPTY_BODY = YES;
				CLANG_WARN_ENUM_CONVERSION = YES;
				CLANG_WARN_INFINITE_RECURSION = YES;
				CLANG_WARN_INT_CONVERSION = YES;
				CLANG_WARN_NON_LITERAL_NULL_CONVERSION = YES;
				CLANG_WARN_OBJC_IMPLICIT_RETAIN_SELF = YES;
				CLANG_WARN_OBJC_LITERAL_CONVERSION = YES;
				CLANG_WARN_OBJC_ROOT_CLASS = YES_ERROR;
				CLANG_WARN_QUOTED_INCLUDE_IN_FRAMEWORK_HEADER = YES;
				CLANG_WARN_RANGE_LOOP_ANALYSIS = YES;
				CLANG_WARN_STRICT_PROTOTYPES = YES;
				CLANG_WARN_SUSPICIOUS_MOVE = YES;
				CLANG_WARN_UNGUARDED_AVAILABILITY = YES_AGGRESSIVE;
				CLANG_WARN_UNREACHABLE_CODE = YES;
				CLANG_WARN__DUPLICATE_METHOD_MATCH = YES;
				COPY_PHASE_STRIP = NO;
				DEAD_CODE_STRIPPING = YES;
				DEBUG_INFORMATION_FORMAT = dwarf;
				DEVELOPMENT_TEAM = RH7GF9MW76;
				ENABLE_STRICT_OBJC_MSGSEND = YES;
				ENABLE_TESTABILITY = YES;
				ENABLE_USER_SCRIPT_SANDBOXING = YES;
				GCC_C_LANGUAGE_STANDARD = gnu17;
				GCC_DYNAMIC_NO_PIC = NO;
				GCC_NO_COMMON_BLOCKS = YES;
				GCC_OPTIMIZATION_LEVEL = 0;
				GCC_PREPROCESSOR_DEFINITIONS = (
					"DEBUG=1",
					"$(inherited)",
				);
				GCC_WARN_64_TO_32_BIT_CONVERSION = YES;
				GCC_WARN_ABOUT_RETURN_TYPE = YES_ERROR;
				GCC_WARN_UNDECLARED_SELECTOR = YES;
				GCC_WARN_UNINITIALIZED_AUTOS = YES_AGGRESSIVE;
				GCC_WARN_UNUSED_FUNCTION = YES;
				GCC_WARN_UNUSED_VARIABLE = YES;
				LOCALIZATION_PREFERS_STRING_CATALOGS = YES;
				MACOSX_DEPLOYMENT_TARGET = 15.2;
				MTL_ENABLE_DEBUG_INFO = INCLUDE_SOURCE;
				MTL_FAST_MATH = YES;
				ONLY_ACTIVE_ARCH = YES;
				SDKROOT = macosx;
				STRING_CATALOG_GENERATE_SYMBOLS = YES;
				SWIFT_ACTIVE_COMPILATION_CONDITIONS = "DEBUG $(inherited)";
				SWIFT_OPTIMIZATION_LEVEL = "-Onone";
				SWIFT_UPCOMING_FEATURE_EXISTENTIAL_ANY = YES;
				SWIFT_VERSION = 6.0;
			};
			name = Debug;
		};
		BBCA9E602D946F6200B3BE9B /* Release */ = {
			isa = XCBuildConfiguration;
			buildSettings = {
				ALWAYS_SEARCH_USER_PATHS = NO;
				ASSETCATALOG_COMPILER_GENERATE_SWIFT_ASSET_SYMBOL_EXTENSIONS = YES;
				CLANG_ANALYZER_NONNULL = YES;
				CLANG_ANALYZER_NUMBER_OBJECT_CONVERSION = YES_AGGRESSIVE;
				CLANG_CXX_LANGUAGE_STANDARD = "gnu++20";
				CLANG_ENABLE_MODULES = YES;
				CLANG_ENABLE_OBJC_ARC = YES;
				CLANG_ENABLE_OBJC_WEAK = YES;
				CLANG_WARN_BLOCK_CAPTURE_AUTORELEASING = YES;
				CLANG_WARN_BOOL_CONVERSION = YES;
				CLANG_WARN_COMMA = YES;
				CLANG_WARN_CONSTANT_CONVERSION = YES;
				CLANG_WARN_DEPRECATED_OBJC_IMPLEMENTATIONS = YES;
				CLANG_WARN_DIRECT_OBJC_ISA_USAGE = YES_ERROR;
				CLANG_WARN_DOCUMENTATION_COMMENTS = YES;
				CLANG_WARN_EMPTY_BODY = YES;
				CLANG_WARN_ENUM_CONVERSION = YES;
				CLANG_WARN_INFINITE_RECURSION = YES;
				CLANG_WARN_INT_CONVERSION = YES;
				CLANG_WARN_NON_LITERAL_NULL_CONVERSION = YES;
				CLANG_WARN_OBJC_IMPLICIT_RETAIN_SELF = YES;
				CLANG_WARN_OBJC_LITERAL_CONVERSION = YES;
				CLANG_WARN_OBJC_ROOT_CLASS = YES_ERROR;
				CLANG_WARN_QUOTED_INCLUDE_IN_FRAMEWORK_HEADER = YES;
				CLANG_WARN_RANGE_LOOP_ANALYSIS = YES;
				CLANG_WARN_STRICT_PROTOTYPES = YES;
				CLANG_WARN_SUSPICIOUS_MOVE = YES;
				CLANG_WARN_UNGUARDED_AVAILABILITY = YES_AGGRESSIVE;
				CLANG_WARN_UNREACHABLE_CODE = YES;
				CLANG_WARN__DUPLICATE_METHOD_MATCH = YES;
				COPY_PHASE_STRIP = NO;
				DEAD_CODE_STRIPPING = YES;
				DEBUG_INFORMATION_FORMAT = "dwarf-with-dsym";
				DEVELOPMENT_TEAM = RH7GF9MW76;
				ENABLE_NS_ASSERTIONS = NO;
				ENABLE_STRICT_OBJC_MSGSEND = YES;
				ENABLE_USER_SCRIPT_SANDBOXING = YES;
				GCC_C_LANGUAGE_STANDARD = gnu17;
				GCC_NO_COMMON_BLOCKS = YES;
				GCC_WARN_64_TO_32_BIT_CONVERSION = YES;
				GCC_WARN_ABOUT_RETURN_TYPE = YES_ERROR;
				GCC_WARN_UNDECLARED_SELECTOR = YES;
				GCC_WARN_UNINITIALIZED_AUTOS = YES_AGGRESSIVE;
				GCC_WARN_UNUSED_FUNCTION = YES;
				GCC_WARN_UNUSED_VARIABLE = YES;
				LOCALIZATION_PREFERS_STRING_CATALOGS = YES;
				MACOSX_DEPLOYMENT_TARGET = 15.2;
				MTL_ENABLE_DEBUG_INFO = NO;
				MTL_FAST_MATH = YES;
				SDKROOT = macosx;
				STRING_CATALOG_GENERATE_SYMBOLS = YES;
				SWIFT_COMPILATION_MODE = wholemodule;
				SWIFT_UPCOMING_FEATURE_EXISTENTIAL_ANY = YES;
				SWIFT_VERSION = 6.0;
			};
			name = Release;
		};
		BBCA9E622D946F6200B3BE9B /* Debug */ = {
			isa = XCBuildConfiguration;
			buildSettings = {
				ASSETCATALOG_COMPILER_ALTERNATE_APPICON_NAMES = "";
				ASSETCATALOG_COMPILER_APPICON_NAME = AppIcon;
				ASSETCATALOG_COMPILER_GLOBAL_ACCENT_COLOR_NAME = AccentColor;
				ASSETCATALOG_COMPILER_INCLUDE_ALL_APPICON_ASSETS = YES;
				CODE_SIGN_ENTITLEMENTS = BarNotes/BarNotes.entitlements;
				CODE_SIGN_STYLE = Automatic;
				COMBINE_HIDPI_IMAGES = YES;
				CURRENT_PROJECT_VERSION = 1;
				DEAD_CODE_STRIPPING = YES;
				DEVELOPMENT_ASSET_PATHS = "\"BarNotes/Preview Content\"";
				DEVELOPMENT_TEAM = "";
				ENABLE_APP_SANDBOX = YES;
				ENABLE_HARDENED_RUNTIME = YES;
				ENABLE_PREVIEWS = YES;
				ENABLE_USER_SELECTED_FILES = readonly;
				GENERATE_INFOPLIST_FILE = YES;
				INFOPLIST_KEY_CFBundleDisplayName = BarNotes;
				INFOPLIST_KEY_LSApplicationCategoryType = "public.app-category.productivity";
				INFOPLIST_KEY_LSUIElement = YES;
				INFOPLIST_KEY_NSHumanReadableCopyright = "";
				LD_RUNPATH_SEARCH_PATHS = (
					"$(inherited)",
					"@executable_path/../Frameworks",
				);
				MACOSX_DEPLOYMENT_TARGET = 14.0;
				MARKETING_VERSION = 2.1;
				PRODUCT_BUNDLE_IDENTIFIER = com.dextercode.BarNotes;
				PRODUCT_NAME = "$(TARGET_NAME)";
				SWIFT_EMIT_LOC_STRINGS = YES;
				SWIFT_UPCOMING_FEATURE_EXISTENTIAL_ANY = YES;
				SWIFT_VERSION = 6.0;
			};
			name = Debug;
		};
		BBCA9E632D946F6200B3BE9B /* Release */ = {
			isa = XCBuildConfiguration;
			buildSettings = {
				ASSETCATALOG_COMPILER_ALTERNATE_APPICON_NAMES = "";
				ASSETCATALOG_COMPILER_APPICON_NAME = AppIcon;
				ASSETCATALOG_COMPILER_GLOBAL_ACCENT_COLOR_NAME = AccentColor;
				ASSETCATALOG_COMPILER_INCLUDE_ALL_APPICON_ASSETS = YES;
				CODE_SIGN_ENTITLEMENTS = BarNotes/BarNotes.entitlements;
				CODE_SIGN_STYLE = Automatic;
				COMBINE_HIDPI_IMAGES = YES;
				CURRENT_PROJECT_VERSION = 1;
				DEAD_CODE_STRIPPING = YES;
				DEVELOPMENT_ASSET_PATHS = "\"BarNotes/Preview Content\"";
				DEVELOPMENT_TEAM = "";
				ENABLE_APP_SANDBOX = YES;
				ENABLE_HARDENED_RUNTIME = YES;
				ENABLE_PREVIEWS = YES;
				ENABLE_USER_SELECTED_FILES = readonly;
				GENERATE_INFOPLIST_FILE = YES;
				INFOPLIST_KEY_CFBundleDisplayName = BarNotes;
				INFOPLIST_KEY_LSApplicationCategoryType = "public.app-category.productivity";
				INFOPLIST_KEY_LSUIElement = YES;
				INFOPLIST_KEY_NSHumanReadableCopyright = "";
				LD_RUNPATH_SEARCH_PATHS = (
					"$(inherited)",
					"@executable_path/../Frameworks",
				);
				MACOSX_DEPLOYMENT_TARGET = 14.0;
				MARKETING_VERSION = 2.1;
				PRODUCT_BUNDLE_IDENTIFIER = com.dextercode.BarNotes;
				PRODUCT_NAME = "$(TARGET_NAME)";
				SWIFT_EMIT_LOC_STRINGS = YES;
				SWIFT_UPCOMING_FEATURE_EXISTENTIAL_ANY = YES;
				SWIFT_VERSION = 6.0;
			};
			name = Release;
		};
/* End XCBuildConfiguration section */

/* Begin XCConfigurationList section */
		BBCA9E4D2D946F6100B3BE9B /* Build configuration list for PBXProject "BarNotes" */ = {
			isa = XCConfigurationList;
			buildConfigurations = (
				BBCA9E5F2D946F6200B3BE9B /* Debug */,
				BBCA9E602D946F6200B3BE9B /* Release */,
			);
			defaultConfigurationIsVisible = 0;
			defaultConfigurationName = Release;
		};
		BBCA9E612D946F6200B3BE9B /* Build configuration list for PBXNativeTarget "BarNotes" */ = {
			isa = XCConfigurationList;
			buildConfigurations = (
				BBCA9E622D946F6200B3BE9B /* Debug */,
				BBCA9E632D946F6200B3BE9B /* Release */,
			);
			defaultConfigurationIsVisible = 0;
			defaultConfigurationName = Release;
		};
/* End XCConfigurationList section */

/* Begin XCRemoteSwiftPackageReference section */
		32E4ECF22FF84BED00E8811B /* XCRemoteSwiftPackageReference "MenuBarExtraAccess" */ = {
			isa = XCRemoteSwiftPackageReference;
			repositoryURL = "https://github.com/orchetect/MenuBarExtraAccess";
			requirement = {
				kind = upToNextMajorVersion;
				minimumVersion = 1.3.0;
			};
		};
		BBCA9EBA2D95C8C800B3BE9B /* XCRemoteSwiftPackageReference "KeychainAccess" */ = {
			isa = XCRemoteSwiftPackageReference;
			repositoryURL = "https://github.com/kishikawakatsumi/KeychainAccess";
			requirement = {
				branch = master;
				kind = branch;
			};
		};
/* End XCRemoteSwiftPackageReference section */

/* Begin XCSwiftPackageProductDependency section */
		32E4ECF32FF84BED00E8811B /* MenuBarExtraAccess */ = {
			isa = XCSwiftPackageProductDependency;
			package = 32E4ECF22FF84BED00E8811B /* XCRemoteSwiftPackageReference "MenuBarExtraAccess" */;
			productName = MenuBarExtraAccess;
		};
		BB87182B2D970AA000918708 /* KeychainAccess */ = {
			isa = XCSwiftPackageProductDependency;
			package = BBCA9EBA2D95C8C800B3BE9B /* XCRemoteSwiftPackageReference "KeychainAccess" */;
			productName = KeychainAccess;
		};
/* End XCSwiftPackageProductDependency section */
	};
	rootObject = BBCA9E4A2D946F6100B3BE9B /* Project object */;
}
